// !$*UTF8*$!
{
	archiveVersion = 1;
	classes = {
	};
	objectVersion = 55;
	objects = {

/* Begin PBXBuildFile section */
		CCFCF4162754FBBF0073C644 /* AppDelegate.swift in Sources */ = {isa = PBXBuildFile; fileRef = CCFCF4152754FBBF0073C644 /* AppDelegate.swift */; };
		CCFCF4182754FBBF0073C644 /* SceneDelegate.swift in Sources */ = {isa = PBXBuildFile; fileRef = CCFCF4172754FBBF0073C644 /* SceneDelegate.swift */; };
		CCFCF41A2754FBBF0073C644 /* ViewController.swift in Sources */ = {isa = PBXBuildFile; fileRef = CCFCF4192754FBBF0073C644 /* ViewController.swift */; };
		CCFCF41D2754FBBF0073C644 /* Main.storyboard in Resources */ = {isa = PBXBuildFile; fileRef = CCFCF41B2754FBBF0073C644 /* Main.storyboard */; };
		CCFCF41F2754FBC10073C644 /* Assets.xcassets in Resources */ = {isa = PBXBuildFile; fileRef = CCFCF41E2754FBC10073C644 /* Assets.xcassets */; };
		CCFCF4222754FBC10073C644 /* LaunchScreen.storyboard in Resources */ = {isa = PBXBuildFile; fileRef = CCFCF4202754FBC10073C644 /* LaunchScreen.storyboard */; };
		CCFCF42D2754FBC10073C644 /* Cold_CallTests.swift in Sources */ = {isa = PBXBuildFile; fileRef = CCFCF42C2754FBC10073C644 /* Cold_CallTests.swift */; };
		CCFCF4372754FBC10073C644 /* Cold_CallUITests.swift in Sources */ = {isa = PBXBuildFile; fileRef = CCFCF4362754FBC10073C644 /* Cold_CallUITests.swift */; };
		CCFCF4392754FBC10073C644 /* Cold_CallUITestsLaunchTests.swift in Sources */ = {isa = PBXBuildFile; fileRef = CCFCF4382754FBC10073C644 /* Cold_CallUITestsLaunchTests.swift */; };
/* End PBXBuildFile section */

/* Begin PBXContainerItemProxy section */
		CCFCF4292754FBC10073C644 /* PBXContainerItemProxy */ = {
			isa = PBXContainerItemProxy;
			containerPortal = CCFCF40A2754FBBF0073C644 /* Project object */;
			proxyType = 1;
			remoteGlobalIDString = CCFCF4112754FBBF0073C644;
			remoteInfo = "Cold Call";
		};
		CCFCF4332754FBC10073C644 /* PBXContainerItemProxy */ = {
			isa = PBXContainerItemProxy;
			containerPortal = CCFCF40A2754FBBF0073C644 /* Project object */;
			proxyType = 1;
			remoteGlobalIDString = CCFCF4112754FBBF0073C644;
			remoteInfo = "Cold Call";
		};
/* End PBXContainerItemProxy section */

/* Begin PBXFileReference section */
		CCFCF4122754FBBF0073C644 /* Cold Call.app */ = {isa = PBXFileReference; explicitFileType = wrapper.application; includeInIndex = 0; path = "Cold Call.app"; sourceTree = BUILT_PRODUCTS_DIR; };
		CCFCF4152754FBBF0073C644 /* AppDelegate.swift */ = {isa = PBXFileReference; lastKnownFileType = sourcecode.swift; path = AppDelegate.swift; sourceTree = "<group>"; };
		CCFCF4172754FBBF0073C644 /* SceneDelegate.swift */ = {isa = PBXFileReference; lastKnownFileType = sourcecode.swift; path = SceneDelegate.swift; sourceTree = "<group>"; };
		CCFCF4192754FBBF0073C644 /* ViewController.swift */ = {isa = PBXFileReference; lastKnownFileType = sourcecode.swift; path = ViewController.swift; sourceTree = "<group>"; };
		CCFCF41C2754FBBF0073C644 /* Base */ = {isa = PBXFileReference; lastKnownFileType = file.storyboard; name = Base; path = Base.lproj/Main.storyboard; sourceTree = "<group>"; };
		CCFCF41E2754FBC10073C644 /* Assets.xcassets */ = {isa = PBXFileReference; lastKnownFileType = folder.assetcatalog; path = Assets.xcassets; sourceTree = "<group>"; };
		CCFCF4212754FBC10073C644 /* Base */ = {isa = PBXFileReference; lastKnownFileType = file.storyboard; name = Base; path = Base.lproj/LaunchScreen.storyboard; sourceTree = "<group>"; };
		CCFCF4232754FBC10073C644 /* Info.plist */ = {isa = PBXFileReference; lastKnownFileType = text.plist.xml; path = Info.plist; sourceTree = "<group>"; };
		CCFCF4282754FBC10073C644 /* Cold CallTests.xctest */ = {isa = PBXFileReference; explicitFileType = wrapper.cfbundle; includeInIndex = 0; path = "Cold CallTests.xctest"; sourceTree = BUILT_PRODUCTS_DIR; };
		CCFCF42C2754FBC10073C644 /* Cold_CallTests.swift */ = {isa = PBXFileReference; lastKnownFileType = sourcecode.swift; path = Cold_CallTests.swift; sourceTree = "<group>"; };
		CCFCF4322754FBC10073C644 /* Cold CallUITests.xctest */ = {isa = PBXFileReference; explicitFileType = wrapper.cfbundle; includeInIndex = 0; path = "Cold CallUITests.xctest"; sourceTree = BUILT_PRODUCTS_DIR; };
		CCFCF4362754FBC10073C644 /* Cold_CallUITests.swift */ = {isa = PBXFileReference; lastKnownFileType = sourcecode.swift; path = Cold_CallUITests.swift; sourceTree = "<group>"; };
		CCFCF4382754FBC10073C644 /* Cold_CallUITestsLaunchTests.swift */ = {isa = PBXFileReference; lastKnownFileType = sourcecode.swift; path = Cold_CallUITestsLaunchTests.swift; sourceTree = "<group>"; };
/* End PBXFileReference section */

/* Begin PBXFrameworksBuildPhase section */
		CCFCF40F2754FBBF0073C644 /* Frameworks */ = {
			isa = PBXFrameworksBuildPhase;
			buildActionMask = 2147483647;
			files = (
			);
			runOnlyForDeploymentPostprocessing = 0;
		};
		CCFCF4252754FBC10073C644 /* Frameworks */ = {
			isa = PBXFrameworksBuildPhase;
			buildActionMask = 2147483647;
			files = (
			);
			runOnlyForDeploymentPostprocessing = 0;
		};
		CCFCF42F2754FBC10073C644 /* Frameworks */ = {
			isa = PBXFrameworksBuildPhase;
			buildActionMask = 2147483647;
			files = (
			);
			runOnlyForDeploymentPostprocessing = 0;
		};
/* End PBXFrameworksBuildPhase section */

/* Begin PBXGroup section */
		CCFCF4092754FBBF0073C644 = {
			isa = PBXGroup;
			children = (
				CCFCF4142754FBBF0073C644 /* Cold Call */,
				CCFCF42B2754FBC10073C644 /* Cold CallTests */,
				CCFCF4352754FBC10073C644 /* Cold CallUITests */,
				CCFCF4132754FBBF0073C644 /* Products */,
			);
			sourceTree = "<group>";
		};
		CCFCF4132754FBBF0073C644 /* Products */ = {
			isa = PBXGroup;
			children = (
				CCFCF4122754FBBF0073C644 /* Cold Call.app */,
				CCFCF4282754FBC10073C644 /* Cold CallTests.xctest */,
				CCFCF4322754FBC10073C644 /* Cold CallUITests.xctest */,
			);
			name = Products;
			sourceTree = "<group>";
		};
		CCFCF4142754FBBF0073C644 /* Cold Call */ = {
			isa = PBXGroup;
			children = (
				CCFCF4152754FBBF0073C644 /* AppDelegate.swift */,
				CCFCF4172754FBBF0073C644 /* SceneDelegate.swift */,
				CCFCF4192754FBBF0073C644 /* ViewController.swift */,
				CCFCF41B2754FBBF0073C644 /* Main.storyboard */,
				CCFCF41E2754FBC10073C644 /* Assets.xcassets */,
				CCFCF4202754FBC10073C644 /* LaunchScreen.storyboard */,
				CCFCF4232754FBC10073C644 /* Info.plist */,
			);
			path = "Cold Call";
			sourceTree = "<group>";
		};
		CCFCF42B2754FBC10073C644 /* Cold CallTests */ = {
			isa = PBXGroup;
			children = (
				CCFCF42C2754FBC10073C644 /* Cold_CallTests.swift */,
			);
			path = "Cold CallTests";
			sourceTree = "<group>";
		};
		CCFCF4352754FBC10073C644 /* Cold CallUITests */ = {
			isa = PBXGroup;
			children = (
				CCFCF4362754FBC10073C644 /* Cold_CallUITests.swift */,
				CCFCF4382754FBC10073C644 /* Cold_CallUITestsLaunchTests.swift */,
			);
			path = "Cold CallUITests";
			sourceTree = "<group>";
		};
/* End PBXGroup section */

/* Begin PBXNativeTarget section */
		CCFCF4112754FBBF0073C644 /* Cold Call */ = {
			isa = PBXNativeTarget;
			buildConfigurationList = CCFCF43C2754FBC10073C644 /* Build configuration list for PBXNativeTarget "Cold Call" */;
			buildPhases = (
				CCFCF40E2754FBBF0073C644 /* Sources */,
				CCFCF40F2754FBBF0073C644 /* Frameworks */,
				CCFCF4102754FBBF0073C644 /* Resources */,
			);
			buildRules = (
			);
			dependencies = (
			);
			name = "Cold Call";
			productName = "Cold Call";
			productReference = CCFCF4122754FBBF0073C644 /* Cold Call.app */;
			productType = "com.apple.product-type.application";
		};
		CCFCF4272754FBC10073C644 /* Cold CallTests */ = {
			isa = PBXNativeTarget;
			buildConfigurationList = CCFCF43F2754FBC10073C644 /* Build configuration list for PBXNativeTarget "Cold CallTests" */;
			buildPhases = (
				CCFCF4242754FBC10073C644 /* Sources */,
				CCFCF4252754FBC10073C644 /* Frameworks */,
				CCFCF4262754FBC10073C644 /* Resources */,
			);
			buildRules = (
			);
			dependencies = (
				CCFCF42A2754FBC10073C644 /* PBXTargetDependency */,
			);
			name = "Cold CallTests";
			productName = "Cold CallTests";
			productReference = CCFCF4282754FBC10073C644 /* Cold CallTests.xctest */;
			productType = "com.apple.product-type.bundle.unit-test";
		};
		CCFCF4312754FBC10073C644 /* Cold CallUITests */ = {
			isa = PBXNativeTarget;
			buildConfigurationList = CCFCF4422754FBC10073C644 /* Build configuration list for PBXNativeTarget "Cold CallUITests" */;
			buildPhases = (
				CCFCF42E2754FBC10073C644 /* Sources */,
				CCFCF42F2754FBC10073C644 /* Frameworks */,
				CCFCF4302754FBC10073C644 /* Resources */,
			);
			buildRules = (
			);
			dependencies = (
				CCFCF4342754FBC10073C644 /* PBXTargetDependency */,
			);
			name = "Cold CallUITests";
			productName = "Cold CallUITests";
			productReference = CCFCF4322754FBC10073C644 /* Cold CallUITests.xctest */;
			productType = "com.apple.product-type.bundle.ui-testing";
		};
/* End PBXNativeTarget section */

/* Begin PBXProject section */
		CCFCF40A2754FBBF0073C644 /* Project object */ = {
			isa = PBXProject;
			attributes = {
				BuildIndependentTargetsInParallel = 1;
				LastSwiftUpdateCheck = 1310;
				LastUpgradeCheck = 1310;
				TargetAttributes = {
					CCFCF4112754FBBF0073C644 = {
						CreatedOnToolsVersion = 13.1;
					};
					CCFCF4272754FBC10073C644 = {
						CreatedOnToolsVersion = 13.1;
						TestTargetID = CCFCF4112754FBBF0073C644;
					};
					CCFCF4312754FBC10073C644 = {
						CreatedOnToolsVersion = 13.1;
						TestTargetID = CCFCF4112754FBBF0073C644;
					};
				};
			};
			buildConfigurationList = CCFCF40D2754FBBF0073C644 /* Build configuration list for PBXProject "Cold Call" */;
			compatibilityVersion = "Xcode 13.0";
			developmentRegion = en;
			hasScannedForEncodings = 0;
			knownRegions = (
				en,
				Base,
			);
			mainGroup = CCFCF4092754FBBF0073C644;
			productRefGroup = CCFCF4132754FBBF0073C644 /* Products */;
			projectDirPath = "";
			projectRoot = "";
			targets = (
				CCFCF4112754FBBF0073C644 /* Cold Call */,
				CCFCF4272754FBC10073C644 /* Cold CallTests */,
				CCFCF4312754FBC10073C644 /* Cold CallUITests */,
			);
		};
/* End PBXProject section */

/* Begin PBXResourcesBuildPhase section */
		CCFCF4102754FBBF0073C644 /* Resources */ = {
			isa = PBXResourcesBuildPhase;
			buildActionMask = 2147483647;
			files = (
				CCFCF4222754FBC10073C644 /* LaunchScreen.storyboard in Resources */,
				CCFCF41F2754FBC10073C644 /* Assets.xcassets in Resources */,
				CCFCF41D2754FBBF0073C644 /* Main.storyboard in Resources */,
			);
			runOnlyForDeploymentPostprocessing = 0;
		};
		CCFCF4262754FBC10073C644 /* Resources */ = {
			isa = PBXResourcesBuildPhase;
			buildActionMask = 2147483647;
			files = (
			);
			runOnlyForDeploymentPostprocessing = 0;
		};
		CCFCF4302754FBC10073C644 /* Resources */ = {
			isa = PBXResourcesBuildPhase;
			buildActionMask = 2147483647;
			files = (
			);
			runOnlyForDeploymentPostprocessing = 0;
		};
/* End PBXResourcesBuildPhase section */

/* Begin PBXSourcesBuildPhase section */
		CCFCF40E2754FBBF0073C644 /* Sources */ = {
			isa = PBXSourcesBuildPhase;
			buildActionMask = 2147483647;
			files = (
				CCFCF41A2754FBBF0073C644 /* ViewController.swift in Sources */,
				CCFCF4162754FBBF0073C644 /* AppDelegate.swift in Sources */,
				CCFCF4182754FBBF0073C644 /* SceneDelegate.swift in Sources */,
			);
			runOnlyForDeploymentPostprocessing = 0;
		};
		CCFCF4242754FBC10073C644 /* Sources */ = {
			isa = PBXSourcesBuildPhase;
			buildActionMask = 2147483647;
			files = (
				CCFCF42D2754FBC10073C644 /* Cold_CallTests.swift in Sources */,
			);
			runOnlyForDeploymentPostprocessing = 0;
		};
		CCFCF42E2754FBC10073C644 /* Sources */ = {
			isa = PBXSourcesBuildPhase;
			buildActionMask = 2147483647;
			files = (
				CCFCF4392754FBC10073C644 /* Cold_CallUITestsLaunchTests.swift in Sources */,
				CCFCF4372754FBC10073C644 /* Cold_CallUITests.swift in Sources */,
			);
			runOnlyForDeploymentPostprocessing = 0;
		};
/* End PBXSourcesBuildPhase section */

/* Begin PBXTargetDependency section */
		CCFCF42A2754FBC10073C644 /* PBXTargetDependency */ = {
			isa = PBXTargetDependency;
			target = CCFCF4112754FBBF0073C644 /* Cold Call */;
			targetProxy = CCFCF4292754FBC10073C644 /* PBXContainerItemProxy */;
		};
		CCFCF4342754FBC10073C644 /* PBXTargetDependency */ = {
			isa = PBXTargetDependency;
			target = CCFCF4112754FBBF0073C644 /* Cold Call */;
			targetProxy = CCFCF4332754FBC10073C644 /* PBXContainerItemProxy */;
		};
/* End PBXTargetDependency section */

/* Begin PBXVariantGroup section */
		CCFCF41B2754FBBF0073C644 /* Main.storyboard */ = {
			isa = PBXVariantGroup;
			children = (
				CCFCF41C2754FBBF0073C644 /* Base */,
			);
			name = Main.storyboard;
			sourceTree = "<group>";
		};
		CCFCF4202754FBC10073C644 /* LaunchScreen.storyboard */ = {
			isa = PBXVariantGroup;
			children = (
				CCFCF4212754FBC10073C644 /* Base */,
			);
			name = LaunchScreen.storyboard;
			sourceTree = "<group>";
		};
/* End PBXVariantGroup section */

/* Begin XCBuildConfiguration section */
		CCFCF43A2754FBC10073C644 /* Debug */ = {
			isa = XCBuildConfiguration;
			buildSettings = {
				ALWAYS_SEARCH_USER_PATHS = NO;
				CLANG_ANALYZER_NONNULL = YES;
				CLANG_ANALYZER_NUMBER_OBJECT_CONVERSION = YES_AGGRESSIVE;
				CLANG_CXX_LANGUAGE_STANDARD = "gnu++17";
				CLANG_CXX_LIBRARY = "libc++";
				CLANG_ENABLE_MODULES = YES;
				CLANG_ENABLE_OBJC_ARC = YES;
				CLANG_ENABLE_OBJC_WEAK = YES;
				CLANG_WARN_BLOCK_CAPTURE_AUTORELEASING = YES;
				CLANG_WARN_BOOL_CONVERSION = YES;
				CLANG_WARN_COMMA = YES;
				CLANG_WARN_CONSTANT_CONVERSION = YES;
				CLANG_WARN_DEPRECATED_OBJC_IMPLEMENTATIONS = YES;
				CLANG_WARN_DIRECT_OBJC_ISA_USAGE = YES_ERROR;
				CLANG_WARN_DOCUMENTATION_COMMENTS = YES;
				CLANG_WARN_EMPTY_BODY = YES;
				CLANG_WARN_ENUM_CONVERSION = YES;
				CLANG_WARN_INFINITE_RECURSION = YES;
				CLANG_WARN_INT_CONVERSION = YES;
				CLANG_WARN_NON_LITERAL_NULL_CONVERSION = YES;
				CLANG_WARN_OBJC_IMPLICIT_RETAIN_SELF = YES;
				CLANG_WARN_OBJC_LITERAL_CONVERSION = YES;
				CLANG_WARN_OBJC_ROOT_CLASS = YES_ERROR;
				CLANG_WARN_QUOTED_INCLUDE_IN_FRAMEWORK_HEADER = YES;
				CLANG_WARN_RANGE_LOOP_ANALYSIS = YES;
				CLANG_WARN_STRICT_PROTOTYPES = YES;
				CLANG_WARN_SUSPICIOUS_MOVE = YES;
				CLANG_WARN_UNGUARDED_AVAILABILITY = YES_AGGRESSIVE;
				CLANG_WARN_UNREACHABLE_CODE = YES;
				CLANG_WARN__DUPLICATE_METHOD_MATCH = YES;
				COPY_PHASE_STRIP = NO;
				DEBUG_INFORMATION_FORMAT = dwarf;
				ENABLE_STRICT_OBJC_MSGSEND = YES;
				ENABLE_TESTABILITY = YES;
				GCC_C_LANGUAGE_STANDARD = gnu11;
				GCC_DYNAMIC_NO_PIC = NO;
				GCC_NO_COMMON_BLOCKS = YES;
				GCC_OPTIMIZATION_LEVEL = 0;
				GCC_PREPROCESSOR_DEFINITIONS = (
					"DEBUG=1",
					"$(inherited)",
				);
				GCC_WARN_64_TO_32_BIT_CONVERSION = YES;
				GCC_WARN_ABOUT_RETURN_TYPE = YES_ERROR;
				GCC_WARN_UNDECLARED_SELECTOR = YES;
				GCC_WARN_UNINITIALIZED_AUTOS = YES_AGGRESSIVE;
				GCC_WARN_UNUSED_FUNCTION = YES;
				GCC_WARN_UNUSED_VARIABLE = YES;
				IPHONEOS_DEPLOYMENT_TARGET = 15.0;
				MTL_ENABLE_DEBUG_INFO = INCLUDE_SOURCE;
				MTL_FAST_MATH = YES;
				ONLY_ACTIVE_ARCH = YES;
				SDKROOT = iphoneos;
				SWIFT_ACTIVE_COMPILATION_CONDITIONS = DEBUG;
				SWIFT_OPTIMIZATION_LEVEL = "-Onone";
			};
			name = Debug;
		};
		CCFCF43B2754FBC10073C644 /* Release */ = {
			isa = XCBuildConfiguration;
			buildSettings = {
				ALWAYS_SEARCH_USER_PATHS = NO;
				CLANG_ANALYZER_NONNULL = YES;
				CLANG_ANALYZER_NUMBER_OBJECT_CONVERSION = YES_AGGRESSIVE;
				CLANG_CXX_LANGUAGE_STANDARD = "gnu++17";
				CLANG_CXX_LIBRARY = "libc++";
				CLANG_ENABLE_MODULES = YES;
				CLANG_ENABLE_OBJC_ARC = YES;
				CLANG_ENABLE_OBJC_WEAK = YES;
				CLANG_WARN_BLOCK_CAPTURE_AUTORELEASING = YES;
				CLANG_WARN_BOOL_CONVERSION = YES;
				CLANG_WARN_COMMA = YES;
				CLANG_WARN_CONSTANT_CONVERSION = YES;
				CLANG_WARN_DEPRECATED_OBJC_IMPLEMENTATIONS = YES;
				CLANG_WARN_DIRECT_OBJC_ISA_USAGE = YES_ERROR;
				CLANG_WARN_DOCUMENTATION_COMMENTS = YES;
				CLANG_WARN_EMPTY_BODY = YES;
				CLANG_WARN_ENUM_CONVERSION = YES;
				CLANG_WARN_INFINITE_RECURSION = YES;
				CLANG_WARN_INT_CONVERSION = YES;
				CLANG_WARN_NON_LITERAL_NULL_CONVERSION = YES;
				CLANG_WARN_OBJC_IMPLICIT_RETAIN_SELF = YES;
				CLANG_WARN_OBJC_LITERAL_CONVERSION = YES;
				CLANG_WARN_OBJC_ROOT_CLASS = YES_ERROR;
				CLANG_WARN_QUOTED_INCLUDE_IN_FRAMEWORK_HEADER = YES;
				CLANG_WARN_RANGE_LOOP_ANALYSIS = YES;
				CLANG_WARN_STRICT_PROTOTYPES = YES;
				CLANG_WARN_SUSPICIOUS_MOVE = YES;
				CLANG_WARN_UNGUARDED_AVAILABILITY = YES_AGGRESSIVE;
				CLANG_WARN_UNREACHABLE_CODE = YES;
				CLANG_WARN__DUPLICATE_METHOD_MATCH = YES;
				COPY_PHASE_STRIP = NO;
				DEBUG_INFORMATION_FORMAT = "dwarf-with-dsym";
				ENABLE_NS_ASSERTIONS = NO;
				ENABLE_STRICT_OBJC_MSGSEND = YES;
				GCC_C_LANGUAGE_STANDARD = gnu11;
				GCC_NO_COMMON_BLOCKS = YES;
				GCC_WARN_64_TO_32_BIT_CONVERSION = YES;
				GCC_WARN_ABOUT_RETURN_TYPE = YES_ERROR;
				GCC_WARN_UNDECLARED_SELECTOR = YES;
				GCC_WARN_UNINITIALIZED_AUTOS = YES_AGGRESSIVE;
				GCC_WARN_UNUSED_FUNCTION = YES;
				GCC_WARN_UNUSED_VARIABLE = YES;
				IPHONEOS_DEPLOYMENT_TARGET = 15.0;
				MTL_ENABLE_DEBUG_INFO = NO;
				MTL_FAST_MATH = YES;
				SDKROOT = iphoneos;
				SWIFT_COMPILATION_MODE = wholemodule;
				SWIFT_OPTIMIZATION_LEVEL = "-O";
				VALIDATE_PRODUCT = YES;
			};
			name = Release;
		};
		CCFCF43D2754FBC10073C644 /* Debug */ = {
			isa = XCBuildConfiguration;
			buildSettings = {
				ASSETCATALOG_COMPILER_APPICON_NAME = AppIcon;
				ASSETCATALOG_COMPILER_GLOBAL_ACCENT_COLOR_NAME = AccentColor;
				CODE_SIGN_STYLE = Automatic;
				CURRENT_PROJECT_VERSION = 1;
				DEVELOPMENT_TEAM = YSX47LJT9G;
				GENERATE_INFOPLIST_FILE = YES;
				INFOPLIST_FILE = "Cold Call/Info.plist";
				INFOPLIST_KEY_UIApplicationSupportsIndirectInputEvents = YES;
				INFOPLIST_KEY_UILaunchStoryboardName = LaunchScreen;
				INFOPLIST_KEY_UIMainStoryboardFile = Main;
				INFOPLIST_KEY_UISupportedInterfaceOrientations_iPad = "UIInterfaceOrientationPortrait UIInterfaceOrientationPortraitUpsideDown UIInterfaceOrientationLandscapeLeft UIInterfaceOrientationLandscapeRight";
				INFOPLIST_KEY_UISupportedInterfaceOrientations_iPhone = "UIInterfaceOrientationPortrait UIInterfaceOrientationLandscapeLeft UIInterfaceOrientationLandscapeRight";
				LD_RUNPATH_SEARCH_PATHS = (
					"$(inherited)",
					"@executable_path/Frameworks",
				);
				MARKETING_VERSION = 1.0;
				PRODUCT_BUNDLE_IDENTIFIER = "wishStar.Cold-Call";
				PRODUCT_NAME = "$(TARGET_NAME)";
				SWIFT_EMIT_LOC_STRINGS = YES;
				SWIFT_VERSION = 5.0;
				TARGETED_DEVICE_FAMILY = "1,2";
			};
			name = Debug;
		};
		CCFCF43E2754FBC10073C644 /* Release */ = {
			isa = XCBuildConfiguration;
			buildSettings = {
				ASSETCATALOG_COMPILER_APPICON_NAME = AppIcon;
				ASSETCATALOG_COMPILER_GLOBAL_ACCENT_COLOR_NAME = AccentColor;
				CODE_SIGN_STYLE = Automatic;
				CURRENT_PROJECT_VERSION = 1;
				DEVELOPMENT_TEAM = YSX47LJT9G;
				GENERATE_INFOPLIST_FILE = YES;
				INFOPLIST_FILE = "Cold Call/Info.plist";
				INFOPLIST_KEY_UIApplicationSupportsIndirectInputEvents = YES;
				INFOPLIST_KEY_UILaunchStoryboardName = LaunchScreen;
				INFOPLIST_KEY_UIMainStoryboardFile = Main;
				INFOPLIST_KEY_UISupportedInterfaceOrientations_iPad = "UIInterfaceOrientationPortrait UIInterfaceOrientationPortraitUpsideDown UIInterfaceOrientationLandscapeLeft UIInterfaceOrientationLandscapeRight";
				INFOPLIST_KEY_UISupportedInterfaceOrientations_iPhone = "UIInterfaceOrientationPortrait UIInterfaceOrientationLandscapeLeft UIInterfaceOrientationLandscapeRight";
				LD_RUNPATH_SEARCH_PATHS = (
					"$(inherited)",
					"@executable_path/Frameworks",
				);
				MARKETING_VERSION = 1.0;
				PRODUCT_BUNDLE_IDENTIFIER = "wishStar.Cold-Call";
				PRODUCT_NAME = "$(TARGET_NAME)";
				SWIFT_EMIT_LOC_STRINGS = YES;
				SWIFT_VERSION = 5.0;
				TARGETED_DEVICE_FAMILY = "1,2";
			};
			name = Release;
		};
		CCFCF4402754FBC10073C644 /* Debug */ = {
			isa = XCBuildConfiguration;
			buildSettings = {
				ALWAYS_EMBED_SWIFT_STANDARD_LIBRARIES = YES;
				BUNDLE_LOADER = "$(TEST_HOST)";
				CODE_SIGN_STYLE = Automatic;
				CURRENT_PROJECT_VERSION = 1;
				DEVELOPMENT_TEAM = YSX47LJT9G;
				GENERATE_INFOPLIST_FILE = YES;
				IPHONEOS_DEPLOYMENT_TARGET = 15.0;
				LD_RUNPATH_SEARCH_PATHS = (
					"$(inherited)",
					"@executable_path/Frameworks",
					"@loader_path/Frameworks",
				);
				MARKETING_VERSION = 1.0;
				PRODUCT_BUNDLE_IDENTIFIER = "wishStar.Cold-CallTests";
				PRODUCT_NAME = "$(TARGET_NAME)";
				SWIFT_EMIT_LOC_STRINGS = NO;
				SWIFT_VERSION = 5.0;
				TARGETED_DEVICE_FAMILY = "1,2";
				TEST_HOST = "$(BUILT_PRODUCTS_DIR)/Cold Call.app/Cold Call";
			};
			name = Debug;
		};
		CCFCF4412754FBC10073C644 /* Release */ = {
			isa = XCBuildConfiguration;
			buildSettings = {
				ALWAYS_EMBED_SWIFT_STANDARD_LIBRARIES = YES;
				BUNDLE_LOADER = "$(TEST_HOST)";
				CODE_SIGN_STYLE = Automatic;
				CURRENT_PROJECT_VERSION = 1;
				DEVELOPMENT_TEAM = YSX47LJT9G;
				GENERATE_INFOPLIST_FILE = YES;
				IPHONEOS_DEPLOYMENT_TARGET = 15.0;
				LD_RUNPATH_SEARCH_PATHS = (
					"$(inherited)",
					"@executable_path/Frameworks",
					"@loader_path/Frameworks",
				);
				MARKETING_VERSION = 1.0;
				PRODUCT_BUNDLE_IDENTIFIER = "wishStar.Cold-CallTests";
				PRODUCT_NAME = "$(TARGET_NAME)";
				SWIFT_EMIT_LOC_STRINGS = NO;
				SWIFT_VERSION = 5.0;
				TARGETED_DEVICE_FAMILY = "1,2";
				TEST_HOST = "$(BUILT_PRODUCTS_DIR)/Cold Call.app/Cold Call";
			};
			name = Release;
		};
		CCFCF4432754FBC10073C644 /* Debug */ = {
			isa = XCBuildConfiguration;
			buildSettings = {
				ALWAYS_EMBED_SWIFT_STANDARD_LIBRARIES = YES;
				CODE_SIGN_STYLE = Automatic;
				CURRENT_PROJECT_VERSION = 1;
				DEVELOPMENT_TEAM = YSX47LJT9G;
				GENERATE_INFOPLIST_FILE = YES;
				LD_RUNPATH_SEARCH_PATHS = (
					"$(inherited)",
					"@executable_path/Frameworks",
					"@loader_path/Frameworks",
				);
				MARKETING_VERSION = 1.0;
				PRODUCT_BUNDLE_IDENTIFIER = "wishStar.Cold-CallUITests";
				PRODUCT_NAME = "$(TARGET_NAME)";
				SWIFT_EMIT_LOC_STRINGS = NO;
				SWIFT_VERSION = 5.0;
				TARGETED_DEVICE_FAMILY = "1,2";
				TEST_TARGET_NAME = "Cold Call";
			};
			name = Debug;
		};
		CCFCF4442754FBC10073C644 /* Release */ = {
			isa = XCBuildConfiguration;
			buildSettings = {
				ALWAYS_EMBED_SWIFT_STANDARD_LIBRARIES = YES;
				CODE_SIGN_STYLE = Automatic;
				CURRENT_PROJECT_VERSION = 1;
				DEVELOPMENT_TEAM = YSX47LJT9G;
				GENERATE_INFOPLIST_FILE = YES;
				LD_RUNPATH_SEARCH_PATHS = (
					"$(inherited)",
					"@executable_path/Frameworks",
					"@loader_path/Frameworks",
				);
				MARKETING_VERSION = 1.0;
				PRODUCT_BUNDLE_IDENTIFIER = "wishStar.Cold-CallUITests";
				PRODUCT_NAME = "$(TARGET_NAME)";
				SWIFT_EMIT_LOC_STRINGS = NO;
				SWIFT_VERSION = 5.0;
				TARGETED_DEVICE_FAMILY = "1,2";
				TEST_TARGET_NAME = "Cold Call";
			};
			name = Release;
		};
/* End XCBuildConfiguration section */

/* Begin XCConfigurationList section */
		CCFCF40D2754FBBF0073C644 /* Build configuration list for PBXProject "Cold Call" */ = {
			isa = XCConfigurationList;
			buildConfigurations = (
				CCFCF43A2754FBC10073C644 /* Debug */,
				CCFCF43B2754FBC10073C644 /* Release */,
			);
			defaultConfigurationIsVisible = 0;
			defaultConfigurationName = Release;
		};
		CCFCF43C2754FBC10073C644 /* Build configuration list for PBXNativeTarget "Cold Call" */ = {
			isa = XCConfigurationList;
			buildConfigurations = (
				CCFCF43D2754FBC10073C644 /* Debug */,
				CCFCF43E2754FBC10073C644 /* Release */,
			);
			defaultConfigurationIsVisible = 0;
			defaultConfigurationName = Release;
		};
		CCFCF43F2754FBC10073C644 /* Build configuration list for PBXNativeTarget "Cold CallTests" */ = {
			isa = XCConfigurationList;
			buildConfigurations = (
				CCFCF4402754FBC10073C644 /* Debug */,
				CCFCF4412754FBC10073C644 /* Release */,
			);
			defaultConfigurationIsVisible = 0;
			defaultConfigurationName = Release;
		};
		CCFCF4422754FBC10073C644 /* Build configuration list for PBXNativeTarget "Cold CallUITests" */ = {
			isa = XCConfigurationList;
			buildConfigurations = (
				CCFCF4432754FBC10073C644 /* Debug */,
				CCFCF4442754FBC10073C644 /* Release */,
			);
			defaultConfigurationIsVisible = 0;
			defaultConfigurationName = Release;
		};
/* End XCConfigurationList section */
	};
	rootObject = CCFCF40A2754FBBF0073C644 /* Project object */;
}
